
Microsoft Visual Studio Solution File, Format Version 12.00
# Visual Studio Version 16
VisualStudioVersion = 16.0.30621.155
MinimumVisualStudioVersion = 10.0.40219.1
Project("{FAE04EC0-301F-11D3-BF4B-00C04F79EFBC}") = "Live Currency Exchange", "Live Currency Exchange.csproj", "{12D40BF4-9E59-4FA5-82DF-5CA8DE3FBCF2}"
EndProject
Global
	GlobalSection(SolutionConfigurationPlatforms) = preSolution
		Debug|Any CPU = Debug|Any CPU
		Release|Any CPU = Release|Any CPU
	EndGlobalSection
	GlobalSection(ProjectConfigurationPlatforms) = postSolution
		{12D40BF4-9E59-4FA5-82DF-5CA8DE3FBCF2}.Debug|Any CPU.ActiveCfg = Debug|Any CPU
		{12D40BF4-9E59-4FA5-82DF-5CA8DE3FBCF2}.Debug|Any CPU.Build.0 = Debug|Any CPU
		{12D40BF4-9E59-4FA5-82DF-5CA8DE3FBCF2}.Release|Any CPU.ActiveCfg = Release|Any CPU
		{12D40BF4-9E59-4FA5-82DF-5CA8DE3FBCF2}.Release|Any CPU.Build.0 = Release|Any CPU
	EndGlobalSection
	GlobalSection(SolutionProperties) = preSolution
		HideSolutionNode = FALSE
	EndGlobalSection
	GlobalSection(ExtensibilityGlobals) = postSolution
		SolutionGuid = {7BC9AFCA-5CAA-4772-8239-20DF5B5E3A78}
	EndGlobalSection
EndGlobal
